
Microsoft Visual Studio Solution File, Format Version 12.00
# Visual Studio Version 16
VisualStudioVersion = 16.0.30225.117
MinimumVisualStudioVersion = 10.0.40219.1
Project("{9A19103F-16F7-4668-BE54-9A1E7A4F7556}") = "CarRent.WebApi", "CarRent\CarRent.WebApi.csproj", "{D16FFE93-C21D-4F89-8142-2B6B60E97854}"
EndProject
Project("{9A19103F-16F7-4668-BE54-9A1E7A4F7556}") = "CarRent.Model", "CarRent.Model\CarRent.Model.csproj", "{5A74B7B1-A661-4F0D-A914-9580D5629F03}"
EndProject
Project("{2150E333-8FDC-42A3-9474-1A3956D46DE8}") = "UI", "UI", "{DEDCBD08-56BF-4A0A-AFB1-2215B1D615A4}"
EndProject
Project("{FAE04EC0-301F-11D3-BF4B-00C04F79EFBC}") = "CarRent.WinUI", "CarRent.WinUI\CarRent.WinUI.csproj", "{14C7F5FF-9679-41D5-88FA-71333FE4F514}"
EndProject
Project("{2150E333-8FDC-42A3-9474-1A3956D46DE8}") = "Mobile", "Mobile", "{36F90AA9-20E9-4243-AD3C-5DDF9194ADA2}"
	ProjectSection(SolutionItems) = preProject
		ImageHelper.cs = ImageHelper.cs
	EndProjectSection
EndProject
Project("{FAE04EC0-301F-11D3-BF4B-00C04F79EFBC}") = "CarRent.MobileApp.UWP", "CarRent.MobileApp\CarRent.MobileApp.UWP\CarRent.MobileApp.UWP.csproj", "{0273A2FF-4937-4E17-A4EC-799D7DECD862}"
EndProject
Project("{FAE04EC0-301F-11D3-BF4B-00C04F79EFBC}") = "CarRent.MobileApp.Android", "CarRent.MobileApp\CarRent.MobileApp.Android\CarRent.MobileApp.Android.csproj", "{D6CB4F6F-9496-4579-84E0-DFAD66C2686D}"
EndProject
Project("{FAE04EC0-301F-11D3-BF4B-00C04F79EFBC}") = "CarRent.MobileApp.iOS", "CarRent.MobileApp\CarRent.MobileApp.iOS\CarRent.MobileApp.iOS.csproj", "{E27D37D1-65EC-4376-9ECC-426EE9F195DB}"
EndProject
Project("{9A19103F-16F7-4668-BE54-9A1E7A4F7556}") = "CarRent.MobileApp", "CarRent.MobileApp\CarRent.MobileApp\CarRent.MobileApp.csproj", "{83369FFF-D70E-4779-9090-8525ED680EF0}"
EndProject
Global
	GlobalSection(SolutionConfigurationPlatforms) = preSolution
		Debug|Any CPU = Debug|Any CPU
		Debug|ARM = Debug|ARM
		Debug|iPhone = Debug|iPhone
		Debug|iPhoneSimulator = Debug|iPhoneSimulator
		Debug|x64 = Debug|x64
		Debug|x86 = Debug|x86
		Release|Any CPU = Release|Any CPU
		Release|ARM = Release|ARM
		Release|iPhone = Release|iPhone
		Release|iPhoneSimulator = Release|iPhoneSimulator
		Release|x64 = Release|x64
		Release|x86 = Release|x86
	EndGlobalSection
	GlobalSection(ProjectConfigurationPlatforms) = postSolution
		{D16FFE93-C21D-4F89-8142-2B6B60E97854}.Debug|Any CPU.ActiveCfg = Debug|Any CPU
		{D16FFE93-C21D-4F89-8142-2B6B60E97854}.Debug|Any CPU.Build.0 = Debug|Any CPU
		{D16FFE93-C21D-4F89-8142-2B6B60E97854}.Debug|ARM.ActiveCfg = Debug|Any CPU
		{D16FFE93-C21D-4F89-8142-2B6B60E97854}.Debug|ARM.Build.0 = Debug|Any CPU
		{D16FFE93-C21D-4F89-8142-2B6B60E97854}.Debug|iPhone.ActiveCfg = Debug|Any CPU
		{D16FFE93-C21D-4F89-8142-2B6B60E97854}.Debug|iPhone.Build.0 = Debug|Any CPU
		{D16FFE93-C21D-4F89-8142-2B6B60E97854}.Debug|iPhoneSimulator.ActiveCfg = Debug|Any CPU
		{D16FFE93-C21D-4F89-8142-2B6B60E97854}.Debug|iPhoneSimulator.Build.0 = Debug|Any CPU
		{D16FFE93-C21D-4F89-8142-2B6B60E97854}.Debug|x64.ActiveCfg = Debug|Any CPU
		{D16FFE93-C21D-4F89-8142-2B6B60E97854}.Debug|x64.Build.0 = Debug|Any CPU
		{D16FFE93-C21D-4F89-8142-2B6B60E97854}.Debug|x86.ActiveCfg = Debug|Any CPU
		{D16FFE93-C21D-4F89-8142-2B6B60E97854}.Debug|x86.Build.0 = Debug|Any CPU
		{D16FFE93-C21D-4F89-8142-2B6B60E97854}.Release|Any CPU.ActiveCfg = Release|Any CPU
		{D16FFE93-C21D-4F89-8142-2B6B60E97854}.Release|Any CPU.Build.0 = Release|Any CPU
		{D16FFE93-C21D-4F89-8142-2B6B60E97854}.Release|ARM.ActiveCfg = Release|Any CPU
		{D16FFE93-C21D-4F89-8142-2B6B60E97854}.Release|ARM.Build.0 = Release|Any CPU
		{D16FFE93-C21D-4F89-8142-2B6B60E97854}.Release|iPhone.ActiveCfg = Release|Any CPU
		{D16FFE93-C21D-4F89-8142-2B6B60E97854}.Release|iPhone.Build.0 = Release|Any CPU
		{D16FFE93-C21D-4F89-8142-2B6B60E97854}.Release|iPhoneSimulator.ActiveCfg = Release|Any CPU
		{D16FFE93-C21D-4F89-8142-2B6B60E97854}.Release|iPhoneSimulator.Build.0 = Release|Any CPU
		{D16FFE93-C21D-4F89-8142-2B6B60E97854}.Release|x64.ActiveCfg = Release|Any CPU
		{D16FFE93-C21D-4F89-8142-2B6B60E97854}.Release|x64.Build.0 = Release|Any CPU
		{D16FFE93-C21D-4F89-8142-2B6B60E97854}.Release|x86.ActiveCfg = Release|Any CPU
		{D16FFE93-C21D-4F89-8142-2B6B60E97854}.Release|x86.Build.0 = Release|Any CPU
		{5A74B7B1-A661-4F0D-A914-9580D5629F03}.Debug|Any CPU.ActiveCfg = Debug|Any CPU
		{5A74B7B1-A661-4F0D-A914-9580D5629F03}.Debug|Any CPU.Build.0 = Debug|Any CPU
		{5A74B7B1-A661-4F0D-A914-9580D5629F03}.Debug|ARM.ActiveCfg = Debug|Any CPU
		{5A74B7B1-A661-4F0D-A914-9580D5629F03}.Debug|ARM.Build.0 = Debug|Any CPU
		{5A74B7B1-A661-4F0D-A914-9580D5629F03}.Debug|iPhone.ActiveCfg = Debug|Any CPU
		{5A74B7B1-A661-4F0D-A914-9580D5629F03}.Debug|iPhone.Build.0 = Debug|Any CPU
		{5A74B7B1-A661-4F0D-A914-9580D5629F03}.Debug|iPhoneSimulator.ActiveCfg = Debug|Any CPU
		{5A74B7B1-A661-4F0D-A914-9580D5629F03}.Debug|iPhoneSimulator.Build.0 = Debug|Any CPU
		{5A74B7B1-A661-4F0D-A914-9580D5629F03}.Debug|x64.ActiveCfg = Debug|Any CPU
		{5A74B7B1-A661-4F0D-A914-9580D5629F03}.Debug|x64.Build.0 = Debug|Any CPU
		{5A74B7B1-A661-4F0D-A914-9580D5629F03}.Debug|x86.ActiveCfg = Debug|Any CPU
		{5A74B7B1-A661-4F0D-A914-9580D5629F03}.Debug|x86.Build.0 = Debug|Any CPU
		{5A74B7B1-A661-4F0D-A914-9580D5629F03}.Release|Any CPU.ActiveCfg = Release|Any CPU
		{5A74B7B1-A661-4F0D-A914-9580D5629F03}.Release|Any CPU.Build.0 = Release|Any CPU
		{5A74B7B1-A661-4F0D-A914-9580D5629F03}.Release|ARM.ActiveCfg = Release|Any CPU
		{5A74B7B1-A661-4F0D-A914-9580D5629F03}.Release|ARM.Build.0 = Release|Any CPU
		{5A74B7B1-A661-4F0D-A914-9580D5629F03}.Release|iPhone.ActiveCfg = Release|Any CPU
		{5A74B7B1-A661-4F0D-A914-9580D5629F03}.Release|iPhone.Build.0 = Release|Any CPU
		{5A74B7B1-A661-4F0D-A914-9580D5629F03}.Release|iPhoneSimulator.ActiveCfg = Release|Any CPU
		{5A74B7B1-A661-4F0D-A914-9580D5629F03}.Release|iPhoneSimulator.Build.0 = Release|Any CPU
		{5A74B7B1-A661-4F0D-A914-9580D5629F03}.Release|x64.ActiveCfg = Release|Any CPU
		{5A74B7B1-A661-4F0D-A914-9580D5629F03}.Release|x64.Build.0 = Release|Any CPU
		{5A74B7B1-A661-4F0D-A914-9580D5629F03}.Release|x86.ActiveCfg = Release|Any CPU
		{5A74B7B1-A661-4F0D-A914-9580D5629F03}.Release|x86.Build.0 = Release|Any CPU
		{14C7F5FF-9679-41D5-88FA-71333FE4F514}.Debug|Any CPU.ActiveCfg = Debug|Any CPU
		{14C7F5FF-9679-41D5-88FA-71333FE4F514}.Debug|Any CPU.Build.0 = Debug|Any CPU
		{14C7F5FF-9679-41D5-88FA-71333FE4F514}.Debug|ARM.ActiveCfg = Debug|Any CPU
		{14C7F5FF-9679-41D5-88FA-71333FE4F514}.Debug|ARM.Build.0 = Debug|Any CPU
		{14C7F5FF-9679-41D5-88FA-71333FE4F514}.Debug|iPhone.ActiveCfg = Debug|Any CPU
		{14C7F5FF-9679-41D5-88FA-71333FE4F514}.Debug|iPhone.Build.0 = Debug|Any CPU
		{14C7F5FF-9679-41D5-88FA-71333FE4F514}.Debug|iPhoneSimulator.ActiveCfg = Debug|Any CPU
		{14C7F5FF-9679-41D5-88FA-71333FE4F514}.Debug|iPhoneSimulator.Build.0 = Debug|Any CPU
		{14C7F5FF-9679-41D5-88FA-71333FE4F514}.Debug|x64.ActiveCfg = Debug|Any CPU
		{14C7F5FF-9679-41D5-88FA-71333FE4F514}.Debug|x64.Build.0 = Debug|Any CPU
		{14C7F5FF-9679-41D5-88FA-71333FE4F514}.Debug|x86.ActiveCfg = Debug|Any CPU
		{14C7F5FF-9679-41D5-88FA-71333FE4F514}.Debug|x86.Build.0 = Debug|Any CPU
		{14C7F5FF-9679-41D5-88FA-71333FE4F514}.Release|Any CPU.ActiveCfg = Release|Any CPU
		{14C7F5FF-9679-41D5-88FA-71333FE4F514}.Release|Any CPU.Build.0 = Release|Any CPU
		{14C7F5FF-9679-41D5-88FA-71333FE4F514}.Release|ARM.ActiveCfg = Release|Any CPU
		{14C7F5FF-9679-41D5-88FA-71333FE4F514}.Release|ARM.Build.0 = Release|Any CPU
		{14C7F5FF-9679-41D5-88FA-71333FE4F514}.Release|iPhone.ActiveCfg = Release|Any CPU
		{14C7F5FF-9679-41D5-88FA-71333FE4F514}.Release|iPhone.Build.0 = Release|Any CPU
		{14C7F5FF-9679-41D5-88FA-71333FE4F514}.Release|iPhoneSimulator.ActiveCfg = Release|Any CPU
		{14C7F5FF-9679-41D5-88FA-71333FE4F514}.Release|iPhoneSimulator.Build.0 = Release|Any CPU
		{14C7F5FF-9679-41D5-88FA-71333FE4F514}.Release|x64.ActiveCfg = Release|Any CPU
		{14C7F5FF-9679-41D5-88FA-71333FE4F514}.Release|x64.Build.0 = Release|Any CPU
		{14C7F5FF-9679-41D5-88FA-71333FE4F514}.Release|x86.ActiveCfg = Release|Any CPU
		{14C7F5FF-9679-41D5-88FA-71333FE4F514}.Release|x86.Build.0 = Release|Any CPU
		{0273A2FF-4937-4E17-A4EC-799D7DECD862}.Debug|Any CPU.ActiveCfg = Debug|x86
		{0273A2FF-4937-4E17-A4EC-799D7DECD862}.Debug|ARM.ActiveCfg = Debug|ARM
		{0273A2FF-4937-4E17-A4EC-799D7DECD862}.Debug|ARM.Build.0 = Debug|ARM
		{0273A2FF-4937-4E17-A4EC-799D7DECD862}.Debug|ARM.Deploy.0 = Debug|ARM
		{0273A2FF-4937-4E17-A4EC-799D7DECD862}.Debug|iPhone.ActiveCfg = Debug|x86
		{0273A2FF-4937-4E17-A4EC-799D7DECD862}.Debug|iPhoneSimulator.ActiveCfg = Debug|x86
		{0273A2FF-4937-4E17-A4EC-799D7DECD862}.Debug|x64.ActiveCfg = Debug|x64
		{0273A2FF-4937-4E17-A4EC-799D7DECD862}.Debug|x64.Build.0 = Debug|x64
		{0273A2FF-4937-4E17-A4EC-799D7DECD862}.Debug|x64.Deploy.0 = Debug|x64
		{0273A2FF-4937-4E17-A4EC-799D7DECD862}.Debug|x86.ActiveCfg = Debug|x86
		{0273A2FF-4937-4E17-A4EC-799D7DECD862}.Debug|x86.Build.0 = Debug|x86
		{0273A2FF-4937-4E17-A4EC-799D7DECD862}.Debug|x86.Deploy.0 = Debug|x86
		{0273A2FF-4937-4E17-A4EC-799D7DECD862}.Release|Any CPU.ActiveCfg = Release|x86
		{0273A2FF-4937-4E17-A4EC-799D7DECD862}.Release|ARM.ActiveCfg = Release|ARM
		{0273A2FF-4937-4E17-A4EC-799D7DECD862}.Release|ARM.Build.0 = Release|ARM
		{0273A2FF-4937-4E17-A4EC-799D7DECD862}.Release|ARM.Deploy.0 = Release|ARM
		{0273A2FF-4937-4E17-A4EC-799D7DECD862}.Release|iPhone.ActiveCfg = Release|x86
		{0273A2FF-4937-4E17-A4EC-799D7DECD862}.Release|iPhoneSimulator.ActiveCfg = Release|x86
		{0273A2FF-4937-4E17-A4EC-799D7DECD862}.Release|x64.ActiveCfg = Release|x64
		{0273A2FF-4937-4E17-A4EC-799D7DECD862}.Release|x64.Build.0 = Release|x64
		{0273A2FF-4937-4E17-A4EC-799D7DECD862}.Release|x64.Deploy.0 = Release|x64
		{0273A2FF-4937-4E17-A4EC-799D7DECD862}.Release|x86.ActiveCfg = Release|x86
		{0273A2FF-4937-4E17-A4EC-799D7DECD862}.Release|x86.Build.0 = Release|x86
		{0273A2FF-4937-4E17-A4EC-799D7DECD862}.Release|x86.Deploy.0 = Release|x86
		{D6CB4F6F-9496-4579-84E0-DFAD66C2686D}.Debug|Any CPU.ActiveCfg = Debug|Any CPU
		{D6CB4F6F-9496-4579-84E0-DFAD66C2686D}.Debug|Any CPU.Build.0 = Debug|Any CPU
		{D6CB4F6F-9496-4579-84E0-DFAD66C2686D}.Debug|Any CPU.Deploy.0 = Debug|Any CPU
		{D6CB4F6F-9496-4579-84E0-DFAD66C2686D}.Debug|ARM.ActiveCfg = Debug|Any CPU
		{D6CB4F6F-9496-4579-84E0-DFAD66C2686D}.Debug|ARM.Build.0 = Debug|Any CPU
		{D6CB4F6F-9496-4579-84E0-DFAD66C2686D}.Debug|ARM.Deploy.0 = Debug|Any CPU
		{D6CB4F6F-9496-4579-84E0-DFAD66C2686D}.Debug|iPhone.ActiveCfg = Debug|Any CPU
		{D6CB4F6F-9496-4579-84E0-DFAD66C2686D}.Debug|iPhone.Build.0 = Debug|Any CPU
		{D6CB4F6F-9496-4579-84E0-DFAD66C2686D}.Debug|iPhone.Deploy.0 = Debug|Any CPU
		{D6CB4F6F-9496-4579-84E0-DFAD66C2686D}.Debug|iPhoneSimulator.ActiveCfg = Debug|Any CPU
		{D6CB4F6F-9496-4579-84E0-DFAD66C2686D}.Debug|iPhoneSimulator.Build.0 = Debug|Any CPU
		{D6CB4F6F-9496-4579-84E0-DFAD66C2686D}.Debug|iPhoneSimulator.Deploy.0 = Debug|Any CPU
		{D6CB4F6F-9496-4579-84E0-DFAD66C2686D}.Debug|x64.ActiveCfg = Debug|Any CPU
		{D6CB4F6F-9496-4579-84E0-DFAD66C2686D}.Debug|x64.Build.0 = Debug|Any CPU
		{D6CB4F6F-9496-4579-84E0-DFAD66C2686D}.Debug|x64.Deploy.0 = Debug|Any CPU
		{D6CB4F6F-9496-4579-84E0-DFAD66C2686D}.Debug|x86.ActiveCfg = Debug|Any CPU
		{D6CB4F6F-9496-4579-84E0-DFAD66C2686D}.Debug|x86.Build.0 = Debug|Any CPU
		{D6CB4F6F-9496-4579-84E0-DFAD66C2686D}.Debug|x86.Deploy.0 = Debug|Any CPU
		{D6CB4F6F-9496-4579-84E0-DFAD66C2686D}.Release|Any CPU.ActiveCfg = Release|Any CPU
		{D6CB4F6F-9496-4579-84E0-DFAD66C2686D}.Release|Any CPU.Build.0 = Release|Any CPU
		{D6CB4F6F-9496-4579-84E0-DFAD66C2686D}.Release|Any CPU.Deploy.0 = Release|Any CPU
		{D6CB4F6F-9496-4579-84E0-DFAD66C2686D}.Release|ARM.ActiveCfg = Release|Any CPU
		{D6CB4F6F-9496-4579-84E0-DFAD66C2686D}.Release|ARM.Build.0 = Release|Any CPU
		{D6CB4F6F-9496-4579-84E0-DFAD66C2686D}.Release|ARM.Deploy.0 = Release|Any CPU
		{D6CB4F6F-9496-4579-84E0-DFAD66C2686D}.Release|iPhone.ActiveCfg = Release|Any CPU
		{D6CB4F6F-9496-4579-84E0-DFAD66C2686D}.Release|iPhone.Build.0 = Release|Any CPU
		{D6CB4F6F-9496-4579-84E0-DFAD66C2686D}.Release|iPhone.Deploy.0 = Release|Any CPU
		{D6CB4F6F-9496-4579-84E0-DFAD66C2686D}.Release|iPhoneSimulator.ActiveCfg = Release|Any CPU
		{D6CB4F6F-9496-4579-84E0-DFAD66C2686D}.Release|iPhoneSimulator.Build.0 = Release|Any CPU
		{D6CB4F6F-9496-4579-84E0-DFAD66C2686D}.Release|iPhoneSimulator.Deploy.0 = Release|Any CPU
		{D6CB4F6F-9496-4579-84E0-DFAD66C2686D}.Release|x64.ActiveCfg = Release|Any CPU
		{D6CB4F6F-9496-4579-84E0-DFAD66C2686D}.Release|x64.Build.0 = Release|Any CPU
		{D6CB4F6F-9496-4579-84E0-DFAD66C2686D}.Release|x64.Deploy.0 = Release|Any CPU
		{D6CB4F6F-9496-4579-84E0-DFAD66C2686D}.Release|x86.ActiveCfg = Release|Any CPU
		{D6CB4F6F-9496-4579-84E0-DFAD66C2686D}.Release|x86.Build.0 = Release|Any CPU
		{D6CB4F6F-9496-4579-84E0-DFAD66C2686D}.Release|x86.Deploy.0 = Release|Any CPU
		{E27D37D1-65EC-4376-9ECC-426EE9F195DB}.Debug|Any CPU.ActiveCfg = Debug|iPhone
		{E27D37D1-65EC-4376-9ECC-426EE9F195DB}.Debug|ARM.ActiveCfg = Debug|iPhone
		{E27D37D1-65EC-4376-9ECC-426EE9F195DB}.Debug|iPhone.ActiveCfg = Debug|iPhone
		{E27D37D1-65EC-4376-9ECC-426EE9F195DB}.Debug|iPhone.Build.0 = Debug|iPhone
		{E27D37D1-65EC-4376-9ECC-426EE9F195DB}.Debug|iPhoneSimulator.ActiveCfg = Debug|iPhoneSimulator
		{E27D37D1-65EC-4376-9ECC-426EE9F195DB}.Debug|iPhoneSimulator.Build.0 = Debug|iPhoneSimulator
		{E27D37D1-65EC-4376-9ECC-426EE9F195DB}.Debug|x64.ActiveCfg = Debug|iPhone
		{E27D37D1-65EC-4376-9ECC-426EE9F195DB}.Debug|x86.ActiveCfg = Debug|iPhone
		{E27D37D1-65EC-4376-9ECC-426EE9F195DB}.Release|Any CPU.ActiveCfg = Release|iPhone
		{E27D37D1-65EC-4376-9ECC-426EE9F195DB}.Release|ARM.ActiveCfg = Release|iPhone
		{E27D37D1-65EC-4376-9ECC-426EE9F195DB}.Release|iPhone.ActiveCfg = Release|iPhone
		{E27D37D1-65EC-4376-9ECC-426EE9F195DB}.Release|iPhone.Build.0 = Release|iPhone
		{E27D37D1-65EC-4376-9ECC-426EE9F195DB}.Release|iPhoneSimulator.ActiveCfg = Release|iPhoneSimulator
		{E27D37D1-65EC-4376-9ECC-426EE9F195DB}.Release|iPhoneSimulator.Build.0 = Release|iPhoneSimulator
		{E27D37D1-65EC-4376-9ECC-426EE9F195DB}.Release|x64.ActiveCfg = Release|iPhone
		{E27D37D1-65EC-4376-9ECC-426EE9F195DB}.Release|x86.ActiveCfg = Release|iPhone
		{83369FFF-D70E-4779-9090-8525ED680EF0}.Debug|Any CPU.ActiveCfg = Debug|Any CPU
		{83369FFF-D70E-4779-9090-8525ED680EF0}.Debug|Any CPU.Build.0 = Debug|Any CPU
		{83369FFF-D70E-4779-9090-8525ED680EF0}.Debug|ARM.ActiveCfg = Debug|Any CPU
		{83369FFF-D70E-4779-9090-8525ED680EF0}.Debug|ARM.Build.0 = Debug|Any CPU
		{83369FFF-D70E-4779-9090-8525ED680EF0}.Debug|iPhone.ActiveCfg = Debug|Any CPU
		{83369FFF-D70E-4779-9090-8525ED680EF0}.Debug|iPhone.Build.0 = Debug|Any CPU
		{83369FFF-D70E-4779-9090-8525ED680EF0}.Debug|iPhoneSimulator.ActiveCfg = Debug|Any CPU
		{83369FFF-D70E-4779-9090-8525ED680EF0}.Debug|iPhoneSimulator.Build.0 = Debug|Any CPU
		{83369FFF-D70E-4779-9090-8525ED680EF0}.Debug|x64.ActiveCfg = Debug|Any CPU
		{83369FFF-D70E-4779-9090-8525ED680EF0}.Debug|x64.Build.0 = Debug|Any CPU
		{83369FFF-D70E-4779-9090-8525ED680EF0}.Debug|x86.ActiveCfg = Debug|Any CPU
		{83369FFF-D70E-4779-9090-8525ED680EF0}.Debug|x86.Build.0 = Debug|Any CPU
		{83369FFF-D70E-4779-9090-8525ED680EF0}.Release|Any CPU.ActiveCfg = Release|Any CPU
		{83369FFF-D70E-4779-9090-8525ED680EF0}.Release|Any CPU.Build.0 = Release|Any CPU
		{83369FFF-D70E-4779-9090-8525ED680EF0}.Release|ARM.ActiveCfg = Release|Any CPU
		{83369FFF-D70E-4779-9090-8525ED680EF0}.Release|ARM.Build.0 = Release|Any CPU
		{83369FFF-D70E-4779-9090-8525ED680EF0}.Release|iPhone.ActiveCfg = Release|Any CPU
		{83369FFF-D70E-4779-9090-8525ED680EF0}.Release|iPhone.Build.0 = Release|Any CPU
		{83369FFF-D70E-4779-9090-8525ED680EF0}.Release|iPhoneSimulator.ActiveCfg = Release|Any CPU
		{83369FFF-D70E-4779-9090-8525ED680EF0}.Release|iPhoneSimulator.Build.0 = Release|Any CPU
		{83369FFF-D70E-4779-9090-8525ED680EF0}.Release|x64.ActiveCfg = Release|Any CPU
		{83369FFF-D70E-4779-9090-8525ED680EF0}.Release|x64.Build.0 = Release|Any CPU
		{83369FFF-D70E-4779-9090-8525ED680EF0}.Release|x86.ActiveCfg = Release|Any CPU
		{83369FFF-D70E-4779-9090-8525ED680EF0}.Release|x86.Build.0 = Release|Any CPU
	EndGlobalSection
	GlobalSection(SolutionProperties) = preSolution
		HideSolutionNode = FALSE
	EndGlobalSection
	GlobalSection(NestedProjects) = preSolution
		{14C7F5FF-9679-41D5-88FA-71333FE4F514} = {DEDCBD08-56BF-4A0A-AFB1-2215B1D615A4}
		{36F90AA9-20E9-4243-AD3C-5DDF9194ADA2} = {DEDCBD08-56BF-4A0A-AFB1-2215B1D615A4}
		{0273A2FF-4937-4E17-A4EC-799D7DECD862} = {36F90AA9-20E9-4243-AD3C-5DDF9194ADA2}
		{D6CB4F6F-9496-4579-84E0-DFAD66C2686D} = {36F90AA9-20E9-4243-AD3C-5DDF9194ADA2}
		{E27D37D1-65EC-4376-9ECC-426EE9F195DB} = {36F90AA9-20E9-4243-AD3C-5DDF9194ADA2}
		{83369FFF-D70E-4779-9090-8525ED680EF0} = {36F90AA9-20E9-4243-AD3C-5DDF9194ADA2}
	EndGlobalSection
	GlobalSection(ExtensibilityGlobals) = postSolution
		SolutionGuid = {B11254A5-AB4F-4293-8829-3D7335118A07}
	EndGlobalSection
EndGlobal
